
Microsoft Visual Studio Solution File, Format Version 12.00
# Visual Studio Version 16
VisualStudioVersion = 16.0.31005.135
MinimumVisualStudioVersion = 10.0.40219.1
Project("{FAE04EC0-301F-11D3-BF4B-00C04F79EFBC}") = "Employee Control v3", "Employee Control v3\Employee Control v3.csproj", "{7F2DCDEB-ACC7-4900-9DDA-12E606BB80FE}"
EndProject
Global
	GlobalSection(SolutionConfigurationPlatforms) = preSolution
		Debug|Any CPU = Debug|Any CPU
		Release|Any CPU = Release|Any CPU
	EndGlobalSection
	GlobalSection(ProjectConfigurationPlatforms) = postSolution
		{7F2DCDEB-ACC7-4900-9DDA-12E606BB80FE}.Debug|Any CPU.ActiveCfg = Debug|Any CPU
		{7F2DCDEB-ACC7-4900-9DDA-12E606BB80FE}.Debug|Any CPU.Build.0 = Debug|Any CPU
		{7F2DCDEB-ACC7-4900-9DDA-12E606BB80FE}.Release|Any CPU.ActiveCfg = Release|Any CPU
		{7F2DCDEB-ACC7-4900-9DDA-12E606BB80FE}.Release|Any CPU.Build.0 = Release|Any CPU
	EndGlobalSection
	GlobalSection(SolutionProperties) = preSolution
		HideSolutionNode = FALSE
	EndGlobalSection
	GlobalSection(ExtensibilityGlobals) = postSolution
		SolutionGuid = {B2ABE052-67A2-49E9-A845-161BFE8E0FAE}
	EndGlobalSection
EndGlobal
